{
  "object": {
    "pins": [
      {
        "package": "PerfectCRUD",
        "repositoryURL": "https://github.com/PerfectlySoft/Perfect-CRUD.git",
        "state": {
          "branch": null,
          "revision": "5a947634b7ce0b991e8f455a61ce02449f2e6f36",
          "version": "1.2.3"
        }
      },
      {
        "package": "libpq",
        "repositoryURL": "https://github.com/PerfectlySoft/Perfect-libpq.git",
        "state": {
          "branch": null,
          "revision": "71c77138037b3cfc97f944efd40af5301c8c7c1f",
          "version": "2.1.0"
        }
      },
      {
        "package": "PerfectPostgreSQL",
        "repositoryURL": "https://github.com/PerfectlySoft/Perfect-PostgreSQL.git",
        "state": {
          "branch": null,
          "revision": "0ef4536fcd75fc6e165b0163e7000b190e76b297",
          "version": "3.2.1"
        }
      }
    ]
  },
  "version": 1
}
