{
  "object": {
    "pins": [
      {
        "package": "PerfectCRUD",
        "repositoryURL": "https://github.com/PerfectlySoft/Perfect-CRUD.git",
        "state": {
          "branch": null,
          "revision": "e79873e28ee9acf96fdf71b6784130a97a4b3f74",
          "version": "1.0.4"
        }
      },
      {
        "package": "libpq",
        "repositoryURL": "https://github.com/PerfectlySoft/Perfect-libpq.git",
        "state": {
          "branch": null,
          "revision": "8b8ff3ceff9af35d9fa4da1f3a93e77dabfcc095",
          "version": "2.0.1"
        }
      },
      {
        "package": "PerfectPostgreSQL",
        "repositoryURL": "https://github.com/PerfectlySoft/Perfect-PostgreSQL.git",
        "state": {
          "branch": null,
          "revision": "cd8567143b3a822ca79270483e7987b180294ea7",
          "version": "3.1.2"
        }
      }
    ]
  },
  "version": 1
}
