// !$*UTF8*$!
{
	archiveVersion = 1;
	classes = {
	};
	objectVersion = 46;
	objects = {

/* Begin PBXBuildFile section */
		0C4A3FA81DA47B2000491E87 /* CloudKit.framework in Frameworks */ = {isa = PBXBuildFile; fileRef = 0C4A3FA71DA47B2000491E87 /* CloudKit.framework */; };
		0C58C37C1D45805400CAB387 /* Assets.xcassets in Resources */ = {isa = PBXBuildFile; fileRef = 0C58C36F1D45805400CAB387 /* Assets.xcassets */; };
		0C58C37D1D45805400CAB387 /* ZAppDelegate.swift in Sources */ = {isa = PBXBuildFile; fileRef = 0C58C3711D45805400CAB387 /* ZAppDelegate.swift */; };
		0C58C3821D45815A00CAB387 /* LaunchScreen.storyboard in Resources */ = {isa = PBXBuildFile; fileRef = 0CA04B561D2ECF41001892E5 /* LaunchScreen.storyboard */; };
		0C58C3831D45815A00CAB387 /* Main.storyboard in Resources */ = {isa = PBXBuildFile; fileRef = 0CA04B4F1D2ECF41001892E5 /* Main.storyboard */; };
		0CA04B2D1D2ECF1B001892E5 /* ZonesTests.swift in Sources */ = {isa = PBXBuildFile; fileRef = 0CA04B2C1D2ECF1B001892E5 /* ZonesTests.swift */; };
		0CA04B381D2ECF1B001892E5 /* ZonesUITests.swift in Sources */ = {isa = PBXBuildFile; fileRef = 0CA04B371D2ECF1B001892E5 /* ZonesUITests.swift */; };
		0CA04B631D2ECF41001892E5 /* PadZonesTests.swift in Sources */ = {isa = PBXBuildFile; fileRef = 0CA04B621D2ECF41001892E5 /* PadZonesTests.swift */; };
		0CA04B6E1D2ECF41001892E5 /* PadZonesUITests.swift in Sources */ = {isa = PBXBuildFile; fileRef = 0CA04B6D1D2ECF41001892E5 /* PadZonesUITests.swift */; };
		0CA04B9C1D2ED079001892E5 /* Assets.xcassets in Resources */ = {isa = PBXBuildFile; fileRef = 0CA04B961D2ED079001892E5 /* Assets.xcassets */; };
		0CA04B9F1D2ED079001892E5 /* Zones.entitlements in Resources */ = {isa = PBXBuildFile; fileRef = 0CA04B9A1D2ED079001892E5 /* Zones.entitlements */; };
		0CB1A7491D726DCF00283F7B /* ZAbstractionLayer.swift in Sources */ = {isa = PBXBuildFile; fileRef = 0C5B91211D610AEC000CFB6F /* ZAbstractionLayer.swift */; };
		0CB1A74A1D726DD100283F7B /* ZAbstractionLayer.swift in Sources */ = {isa = PBXBuildFile; fileRef = 0C5B91211D610AEC000CFB6F /* ZAbstractionLayer.swift */; };
		0CB1A7D31D73F87B00283F7B /* Zone.swift in Sources */ = {isa = PBXBuildFile; fileRef = 0CB1A7CA1D73F87B00283F7B /* Zone.swift */; };
		0CB1A7D41D73F87B00283F7B /* Zone.swift in Sources */ = {isa = PBXBuildFile; fileRef = 0CB1A7CA1D73F87B00283F7B /* Zone.swift */; };
		0CB1A7DB1D73F87B00283F7B /* ZAction.swift in Sources */ = {isa = PBXBuildFile; fileRef = 0CB1A7CE1D73F87B00283F7B /* ZAction.swift */; };
		0CB1A7DC1D73F87B00283F7B /* ZAction.swift in Sources */ = {isa = PBXBuildFile; fileRef = 0CB1A7CE1D73F87B00283F7B /* ZAction.swift */; };
		0CB1A7DF1D73F87B00283F7B /* ZTrait.swift in Sources */ = {isa = PBXBuildFile; fileRef = 0CB1A7D01D73F87B00283F7B /* ZTrait.swift */; };
		0CB1A7E01D73F87B00283F7B /* ZTrait.swift in Sources */ = {isa = PBXBuildFile; fileRef = 0CB1A7D01D73F87B00283F7B /* ZTrait.swift */; };
		0CB1A7FF1D740EC500283F7B /* Main.storyboard in Resources */ = {isa = PBXBuildFile; fileRef = 0CB1A7FE1D740EC500283F7B /* Main.storyboard */; };
		0CBD002C1D9DBC4200797F21 /* ZClosures.swift in Sources */ = {isa = PBXBuildFile; fileRef = 0CBD002B1D9DBC4200797F21 /* ZClosures.swift */; };
		0CBD002D1D9DBC4200797F21 /* ZClosures.swift in Sources */ = {isa = PBXBuildFile; fileRef = 0CBD002B1D9DBC4200797F21 /* ZClosures.swift */; };
		0CD9217A1D8F4C3200F80964 /* CloudKit.framework in Frameworks */ = {isa = PBXBuildFile; fileRef = 0CD921791D8F4C3200F80964 /* CloudKit.framework */; };
		0CD9217F1D8F7A7800F80964 /* ZModelManager.swift in Sources */ = {isa = PBXBuildFile; fileRef = 0CD9217E1D8F7A7800F80964 /* ZModelManager.swift */; };
		0CD921801D8F7A7800F80964 /* ZModelManager.swift in Sources */ = {isa = PBXBuildFile; fileRef = 0CD9217E1D8F7A7800F80964 /* ZModelManager.swift */; };
		0CD921821D90C65E00F80964 /* ZBase.swift in Sources */ = {isa = PBXBuildFile; fileRef = 0CD921811D90C65E00F80964 /* ZBase.swift */; };
		0CD921831D90C65E00F80964 /* ZBase.swift in Sources */ = {isa = PBXBuildFile; fileRef = 0CD921811D90C65E00F80964 /* ZBase.swift */; };
		0CEAAB4F1D9F2A8D00EBF88A /* ZGCD.swift in Sources */ = {isa = PBXBuildFile; fileRef = 0CEAAB4E1D9F2A8D00EBF88A /* ZGCD.swift */; };
		0CEAAB501D9F2A8D00EBF88A /* ZGCD.swift in Sources */ = {isa = PBXBuildFile; fileRef = 0CEAAB4E1D9F2A8D00EBF88A /* ZGCD.swift */; };
		0CEAAB511DA19B1C00EBF88A /* ZAppDelegate.swift in Sources */ = {isa = PBXBuildFile; fileRef = 0CA04B991D2ED079001892E5 /* ZAppDelegate.swift */; };
		0CF97D571DA785AB00FEAA41 /* ZEditorViewController.swift in Sources */ = {isa = PBXBuildFile; fileRef = 0CF97D561DA785AB00FEAA41 /* ZEditorViewController.swift */; };
		0CF97D581DA785AB00FEAA41 /* ZEditorViewController.swift in Sources */ = {isa = PBXBuildFile; fileRef = 0CF97D561DA785AB00FEAA41 /* ZEditorViewController.swift */; };
		0CF97D621DA880B000FEAA41 /* ZoneWidget.swift in Sources */ = {isa = PBXBuildFile; fileRef = 0CF97D611DA880B000FEAA41 /* ZoneWidget.swift */; };
		0CF97D631DA880B000FEAA41 /* ZoneWidget.swift in Sources */ = {isa = PBXBuildFile; fileRef = 0CF97D611DA880B000FEAA41 /* ZoneWidget.swift */; };
		0CF97D651DA97AD600FEAA41 /* ZExtensions.swift in Sources */ = {isa = PBXBuildFile; fileRef = 0CF97D641DA97AD600FEAA41 /* ZExtensions.swift */; };
		0CF97D661DA97AD600FEAA41 /* ZExtensions.swift in Sources */ = {isa = PBXBuildFile; fileRef = 0CF97D641DA97AD600FEAA41 /* ZExtensions.swift */; };
		0CF97D681DA986AB00FEAA41 /* ZMainViewController.swift in Sources */ = {isa = PBXBuildFile; fileRef = 0CF97D671DA986AB00FEAA41 /* ZMainViewController.swift */; };
		0CF97D691DA986AB00FEAA41 /* ZMainViewController.swift in Sources */ = {isa = PBXBuildFile; fileRef = 0CF97D671DA986AB00FEAA41 /* ZMainViewController.swift */; };
		0CF97D6B1DA9C1B500FEAA41 /* ZLocalPersistenceManager.swift in Sources */ = {isa = PBXBuildFile; fileRef = 0CF97D6A1DA9C1B500FEAA41 /* ZLocalPersistenceManager.swift */; };
		0CF97D6C1DA9C1B500FEAA41 /* ZLocalPersistenceManager.swift in Sources */ = {isa = PBXBuildFile; fileRef = 0CF97D6A1DA9C1B500FEAA41 /* ZLocalPersistenceManager.swift */; };
/* End PBXBuildFile section */

/* Begin PBXContainerItemProxy section */
		0CA04B291D2ECF1B001892E5 /* PBXContainerItemProxy */ = {
			isa = PBXContainerItemProxy;
			containerPortal = 0CA04B0C1D2ECF1A001892E5 /* Project object */;
			proxyType = 1;
			remoteGlobalIDString = 0CA04B131D2ECF1A001892E5;
			remoteInfo = Zones;
		};
		0CA04B341D2ECF1B001892E5 /* PBXContainerItemProxy */ = {
			isa = PBXContainerItemProxy;
			containerPortal = 0CA04B0C1D2ECF1A001892E5 /* Project object */;
			proxyType = 1;
			remoteGlobalIDString = 0CA04B131D2ECF1A001892E5;
			remoteInfo = Zones;
		};
		0CA04B5F1D2ECF41001892E5 /* PBXContainerItemProxy */ = {
			isa = PBXContainerItemProxy;
			containerPortal = 0CA04B0C1D2ECF1A001892E5 /* Project object */;
			proxyType = 1;
			remoteGlobalIDString = 0CA04B481D2ECF41001892E5;
			remoteInfo = PadZones;
		};
		0CA04B6A1D2ECF41001892E5 /* PBXContainerItemProxy */ = {
			isa = PBXContainerItemProxy;
			containerPortal = 0CA04B0C1D2ECF1A001892E5 /* Project object */;
			proxyType = 1;
			remoteGlobalIDString = 0CA04B481D2ECF41001892E5;
			remoteInfo = PadZones;
		};
/* End PBXContainerItemProxy section */

/* Begin PBXCopyFilesBuildPhase section */
		0C401E641D2F6341000B9864 /* Embed Frameworks */ = {
			isa = PBXCopyFilesBuildPhase;
			buildActionMask = 2147483647;
			dstPath = "";
			dstSubfolderSpec = 10;
			files = (
			);
			name = "Embed Frameworks";
			runOnlyForDeploymentPostprocessing = 0;
		};
		0C401E761D2F635A000B9864 /* Embed Frameworks */ = {
			isa = PBXCopyFilesBuildPhase;
			buildActionMask = 2147483647;
			dstPath = "";
			dstSubfolderSpec = 10;
			files = (
			);
			name = "Embed Frameworks";
			runOnlyForDeploymentPostprocessing = 0;
		};
/* End PBXCopyFilesBuildPhase section */

/* Begin PBXFileReference section */
		0C4A3FA71DA47B2000491E87 /* CloudKit.framework */ = {isa = PBXFileReference; lastKnownFileType = wrapper.framework; name = CloudKit.framework; path = Platforms/iPhoneOS.platform/Developer/SDKs/iPhoneOS10.0.sdk/System/Library/Frameworks/CloudKit.framework; sourceTree = DEVELOPER_DIR; };
		0C58C36F1D45805400CAB387 /* Assets.xcassets */ = {isa = PBXFileReference; lastKnownFileType = folder.assetcatalog; path = Assets.xcassets; sourceTree = "<group>"; };
		0C58C3711D45805400CAB387 /* ZAppDelegate.swift */ = {isa = PBXFileReference; fileEncoding = 4; lastKnownFileType = sourcecode.swift; path = ZAppDelegate.swift; sourceTree = "<group>"; };
		0C58C3761D45805400CAB387 /* Info.plist */ = {isa = PBXFileReference; fileEncoding = 4; lastKnownFileType = text.plist.xml; path = Info.plist; sourceTree = "<group>"; };
		0C5B91211D610AEC000CFB6F /* ZAbstractionLayer.swift */ = {isa = PBXFileReference; fileEncoding = 4; lastKnownFileType = sourcecode.swift; path = ZAbstractionLayer.swift; sourceTree = "<group>"; };
		0CA04B141D2ECF1A001892E5 /* Zones.app */ = {isa = PBXFileReference; explicitFileType = wrapper.application; includeInIndex = 0; path = Zones.app; sourceTree = BUILT_PRODUCTS_DIR; };
		0CA04B281D2ECF1B001892E5 /* ZonesTests.xctest */ = {isa = PBXFileReference; explicitFileType = wrapper.cfbundle; includeInIndex = 0; path = ZonesTests.xctest; sourceTree = BUILT_PRODUCTS_DIR; };
		0CA04B2C1D2ECF1B001892E5 /* ZonesTests.swift */ = {isa = PBXFileReference; lastKnownFileType = sourcecode.swift; path = ZonesTests.swift; sourceTree = "<group>"; };
		0CA04B2E1D2ECF1B001892E5 /* Info.plist */ = {isa = PBXFileReference; lastKnownFileType = text.plist.xml; path = Info.plist; sourceTree = "<group>"; };
		0CA04B331D2ECF1B001892E5 /* ZonesUITests.xctest */ = {isa = PBXFileReference; explicitFileType = wrapper.cfbundle; includeInIndex = 0; path = ZonesUITests.xctest; sourceTree = BUILT_PRODUCTS_DIR; };
		0CA04B371D2ECF1B001892E5 /* ZonesUITests.swift */ = {isa = PBXFileReference; lastKnownFileType = sourcecode.swift; path = ZonesUITests.swift; sourceTree = "<group>"; };
		0CA04B391D2ECF1B001892E5 /* Info.plist */ = {isa = PBXFileReference; lastKnownFileType = text.plist.xml; path = Info.plist; sourceTree = "<group>"; };
		0CA04B491D2ECF41001892E5 /* PadZones.app */ = {isa = PBXFileReference; explicitFileType = wrapper.application; includeInIndex = 0; path = PadZones.app; sourceTree = BUILT_PRODUCTS_DIR; };
		0CA04B501D2ECF41001892E5 /* Base */ = {isa = PBXFileReference; lastKnownFileType = file.storyboard; name = Base; path = Base.lproj/Main.storyboard; sourceTree = "<group>"; };
		0CA04B571D2ECF41001892E5 /* Base */ = {isa = PBXFileReference; lastKnownFileType = file.storyboard; name = Base; path = Base.lproj/LaunchScreen.storyboard; sourceTree = "<group>"; };
		0CA04B5E1D2ECF41001892E5 /* PadZonesTests.xctest */ = {isa = PBXFileReference; explicitFileType = wrapper.cfbundle; includeInIndex = 0; path = PadZonesTests.xctest; sourceTree = BUILT_PRODUCTS_DIR; };
		0CA04B621D2ECF41001892E5 /* PadZonesTests.swift */ = {isa = PBXFileReference; lastKnownFileType = sourcecode.swift; path = PadZonesTests.swift; sourceTree = "<group>"; };
		0CA04B641D2ECF41001892E5 /* Info.plist */ = {isa = PBXFileReference; lastKnownFileType = text.plist.xml; path = Info.plist; sourceTree = "<group>"; };
		0CA04B691D2ECF41001892E5 /* PadZonesUITests.xctest */ = {isa = PBXFileReference; explicitFileType = wrapper.cfbundle; includeInIndex = 0; path = PadZonesUITests.xctest; sourceTree = BUILT_PRODUCTS_DIR; };
		0CA04B6D1D2ECF41001892E5 /* PadZonesUITests.swift */ = {isa = PBXFileReference; lastKnownFileType = sourcecode.swift; path = PadZonesUITests.swift; sourceTree = "<group>"; };
		0CA04B6F1D2ECF41001892E5 /* Info.plist */ = {isa = PBXFileReference; lastKnownFileType = text.plist.xml; path = Info.plist; sourceTree = "<group>"; };
		0CA04B961D2ED079001892E5 /* Assets.xcassets */ = {isa = PBXFileReference; lastKnownFileType = folder.assetcatalog; path = Assets.xcassets; sourceTree = "<group>"; };
		0CA04B981D2ED079001892E5 /* Info.plist */ = {isa = PBXFileReference; fileEncoding = 4; lastKnownFileType = text.plist.xml; path = Info.plist; sourceTree = "<group>"; };
		0CA04B991D2ED079001892E5 /* ZAppDelegate.swift */ = {isa = PBXFileReference; fileEncoding = 4; lastKnownFileType = sourcecode.swift; path = ZAppDelegate.swift; sourceTree = "<group>"; };
		0CA04B9A1D2ED079001892E5 /* Zones.entitlements */ = {isa = PBXFileReference; fileEncoding = 4; lastKnownFileType = text.xml; path = Zones.entitlements; sourceTree = "<group>"; };
		0CB1A7CA1D73F87B00283F7B /* Zone.swift */ = {isa = PBXFileReference; fileEncoding = 4; lastKnownFileType = sourcecode.swift; path = Zone.swift; sourceTree = "<group>"; };
		0CB1A7CE1D73F87B00283F7B /* ZAction.swift */ = {isa = PBXFileReference; fileEncoding = 4; lastKnownFileType = sourcecode.swift; path = ZAction.swift; sourceTree = "<group>"; };
		0CB1A7D01D73F87B00283F7B /* ZTrait.swift */ = {isa = PBXFileReference; fileEncoding = 4; lastKnownFileType = sourcecode.swift; path = ZTrait.swift; sourceTree = "<group>"; };
		0CB1A7FE1D740EC500283F7B /* Main.storyboard */ = {isa = PBXFileReference; fileEncoding = 4; lastKnownFileType = file.storyboard; path = Main.storyboard; sourceTree = "<group>"; };
		0CBD002B1D9DBC4200797F21 /* ZClosures.swift */ = {isa = PBXFileReference; fileEncoding = 4; lastKnownFileType = sourcecode.swift; path = ZClosures.swift; sourceTree = "<group>"; };
		0CD921751D8F4C0B00F80964 /* PadZones.entitlements */ = {isa = PBXFileReference; lastKnownFileType = text.plist.entitlements; name = PadZones.entitlements; path = ../PadZones.entitlements; sourceTree = "<group>"; };
		0CD921791D8F4C3200F80964 /* CloudKit.framework */ = {isa = PBXFileReference; lastKnownFileType = wrapper.framework; name = CloudKit.framework; path = System/Library/Frameworks/CloudKit.framework; sourceTree = SDKROOT; };
		0CD9217E1D8F7A7800F80964 /* ZModelManager.swift */ = {isa = PBXFileReference; fileEncoding = 4; lastKnownFileType = sourcecode.swift; path = ZModelManager.swift; sourceTree = "<group>"; };
		0CD921811D90C65E00F80964 /* ZBase.swift */ = {isa = PBXFileReference; fileEncoding = 4; lastKnownFileType = sourcecode.swift; path = ZBase.swift; sourceTree = "<group>"; };
		0CEAAB4E1D9F2A8D00EBF88A /* ZGCD.swift */ = {isa = PBXFileReference; fileEncoding = 4; lastKnownFileType = sourcecode.swift; path = ZGCD.swift; sourceTree = "<group>"; };
		0CF97D561DA785AB00FEAA41 /* ZEditorViewController.swift */ = {isa = PBXFileReference; fileEncoding = 4; lastKnownFileType = sourcecode.swift; path = ZEditorViewController.swift; sourceTree = "<group>"; };
		0CF97D611DA880B000FEAA41 /* ZoneWidget.swift */ = {isa = PBXFileReference; fileEncoding = 4; lastKnownFileType = sourcecode.swift; name = ZoneWidget.swift; path = views/ZoneWidget.swift; sourceTree = "<group>"; };
		0CF97D641DA97AD600FEAA41 /* ZExtensions.swift */ = {isa = PBXFileReference; fileEncoding = 4; lastKnownFileType = sourcecode.swift; path = ZExtensions.swift; sourceTree = "<group>"; };
		0CF97D671DA986AB00FEAA41 /* ZMainViewController.swift */ = {isa = PBXFileReference; fileEncoding = 4; lastKnownFileType = sourcecode.swift; path = ZMainViewController.swift; sourceTree = "<group>"; };
		0CF97D6A1DA9C1B500FEAA41 /* ZLocalPersistenceManager.swift */ = {isa = PBXFileReference; fileEncoding = 4; lastKnownFileType = sourcecode.swift; path = ZLocalPersistenceManager.swift; sourceTree = "<group>"; };
/* End PBXFileReference section */

/* Begin PBXFrameworksBuildPhase section */
		0CA04B111D2ECF1A001892E5 /* Frameworks */ = {
			isa = PBXFrameworksBuildPhase;
			buildActionMask = 2147483647;
			files = (
				0CD9217A1D8F4C3200F80964 /* CloudKit.framework in Frameworks */,
			);
			runOnlyForDeploymentPostprocessing = 0;
		};
		0CA04B251D2ECF1B001892E5 /* Frameworks */ = {
			isa = PBXFrameworksBuildPhase;
			buildActionMask = 2147483647;
			files = (
			);
			runOnlyForDeploymentPostprocessing = 0;
		};
		0CA04B301D2ECF1B001892E5 /* Frameworks */ = {
			isa = PBXFrameworksBuildPhase;
			buildActionMask = 2147483647;
			files = (
			);
			runOnlyForDeploymentPostprocessing = 0;
		};
		0CA04B461D2ECF41001892E5 /* Frameworks */ = {
			isa = PBXFrameworksBuildPhase;
			buildActionMask = 2147483647;
			files = (
				0C4A3FA81DA47B2000491E87 /* CloudKit.framework in Frameworks */,
			);
			runOnlyForDeploymentPostprocessing = 0;
		};
		0CA04B5B1D2ECF41001892E5 /* Frameworks */ = {
			isa = PBXFrameworksBuildPhase;
			buildActionMask = 2147483647;
			files = (
			);
			runOnlyForDeploymentPostprocessing = 0;
		};
		0CA04B661D2ECF41001892E5 /* Frameworks */ = {
			isa = PBXFrameworksBuildPhase;
			buildActionMask = 2147483647;
			files = (
			);
			runOnlyForDeploymentPostprocessing = 0;
		};
/* End PBXFrameworksBuildPhase section */

/* Begin PBXGroup section */
		0C401E891D2F6B6D000B9864 /* Tests */ = {
			isa = PBXGroup;
			children = (
				0CA04B611D2ECF41001892E5 /* PadZonesTests */,
				0CA04B6C1D2ECF41001892E5 /* PadZonesUITests */,
				0CA04B2B1D2ECF1B001892E5 /* ZonesTests */,
				0CA04B361D2ECF1B001892E5 /* ZonesUITests */,
			);
			name = Tests;
			sourceTree = "<group>";
		};
		0C58C36E1D45805400CAB387 /* interfaces */ = {
			isa = PBXGroup;
			children = (
				0CA04B561D2ECF41001892E5 /* LaunchScreen.storyboard */,
				0CA04B4F1D2ECF41001892E5 /* Main.storyboard */,
				0C58C36F1D45805400CAB387 /* Assets.xcassets */,
			);
			path = interfaces;
			sourceTree = "<group>";
		};
		0C58C3701D45805400CAB387 /* main */ = {
			isa = PBXGroup;
			children = (
				0CD921751D8F4C0B00F80964 /* PadZones.entitlements */,
				0C58C3711D45805400CAB387 /* ZAppDelegate.swift */,
				0C58C3761D45805400CAB387 /* Info.plist */,
			);
			path = main;
			sourceTree = "<group>";
		};
		0C5B911F1D610AEC000CFB6F /* Core */ = {
			isa = PBXGroup;
			children = (
				0CF97D551DA785AB00FEAA41 /* controllers */,
				0CEAAB4D1D9F2A8D00EBF88A /* extensions */,
				0C5B91201D610AEC000CFB6F /* main */,
				0C5B91231D610AEC000CFB6F /* managers */,
				0C5B91261D610AEC000CFB6F /* models */,
				0CF97D601DA8807400FEAA41 /* views */,
			);
			path = Core;
			sourceTree = "<group>";
		};
		0C5B91201D610AEC000CFB6F /* main */ = {
			isa = PBXGroup;
			children = (
				0C5B91211D610AEC000CFB6F /* ZAbstractionLayer.swift */,
				0CBD002B1D9DBC4200797F21 /* ZClosures.swift */,
			);
			path = main;
			sourceTree = "<group>";
		};
		0C5B91231D610AEC000CFB6F /* managers */ = {
			isa = PBXGroup;
			children = (
				0CD9217E1D8F7A7800F80964 /* ZModelManager.swift */,
				0CF97D6A1DA9C1B500FEAA41 /* ZLocalPersistenceManager.swift */,
			);
			path = managers;
			sourceTree = "<group>";
		};
		0C5B91261D610AEC000CFB6F /* models */ = {
			isa = PBXGroup;
			children = (
				0CD921811D90C65E00F80964 /* ZBase.swift */,
				0CB1A7CA1D73F87B00283F7B /* Zone.swift */,
				0CB1A7CE1D73F87B00283F7B /* ZAction.swift */,
				0CB1A7D01D73F87B00283F7B /* ZTrait.swift */,
			);
			path = models;
			sourceTree = "<group>";
		};
		0CA04B0B1D2ECF1A001892E5 = {
			isa = PBXGroup;
			children = (
				0C5B911F1D610AEC000CFB6F /* Core */,
				0CA04B4A1D2ECF41001892E5 /* PadZones */,
				0CA04B151D2ECF1A001892E5 /* Products */,
				0C401E891D2F6B6D000B9864 /* Tests */,
				0CA04B161D2ECF1A001892E5 /* Zones */,
				0CD921761D8F4C2500F80964 /* Frameworks */,
			);
			sourceTree = "<group>";
		};
		0CA04B151D2ECF1A001892E5 /* Products */ = {
			isa = PBXGroup;
			children = (
				0CA04B141D2ECF1A001892E5 /* Zones.app */,
				0CA04B281D2ECF1B001892E5 /* ZonesTests.xctest */,
				0CA04B331D2ECF1B001892E5 /* ZonesUITests.xctest */,
				0CA04B491D2ECF41001892E5 /* PadZones.app */,
				0CA04B5E1D2ECF41001892E5 /* PadZonesTests.xctest */,
				0CA04B691D2ECF41001892E5 /* PadZonesUITests.xctest */,
			);
			name = Products;
			sourceTree = "<group>";
		};
		0CA04B161D2ECF1A001892E5 /* Zones */ = {
			isa = PBXGroup;
			children = (
				0CA04B951D2ED079001892E5 /* interfaces */,
				0CA04B971D2ED079001892E5 /* main */,
			);
			path = Zones;
			sourceTree = "<group>";
		};
		0CA04B2B1D2ECF1B001892E5 /* ZonesTests */ = {
			isa = PBXGroup;
			children = (
				0CA04B2C1D2ECF1B001892E5 /* ZonesTests.swift */,
				0CA04B2E1D2ECF1B001892E5 /* Info.plist */,
			);
			path = ZonesTests;
			sourceTree = "<group>";
		};
		0CA04B361D2ECF1B001892E5 /* ZonesUITests */ = {
			isa = PBXGroup;
			children = (
				0CA04B371D2ECF1B001892E5 /* ZonesUITests.swift */,
				0CA04B391D2ECF1B001892E5 /* Info.plist */,
			);
			path = ZonesUITests;
			sourceTree = "<group>";
		};
		0CA04B4A1D2ECF41001892E5 /* PadZones */ = {
			isa = PBXGroup;
			children = (
				0C58C36E1D45805400CAB387 /* interfaces */,
				0C58C3701D45805400CAB387 /* main */,
			);
			path = PadZones;
			sourceTree = "<group>";
		};
		0CA04B611D2ECF41001892E5 /* PadZonesTests */ = {
			isa = PBXGroup;
			children = (
				0CA04B621D2ECF41001892E5 /* PadZonesTests.swift */,
				0CA04B641D2ECF41001892E5 /* Info.plist */,
			);
			path = PadZonesTests;
			sourceTree = "<group>";
		};
		0CA04B6C1D2ECF41001892E5 /* PadZonesUITests */ = {
			isa = PBXGroup;
			children = (
				0CA04B6D1D2ECF41001892E5 /* PadZonesUITests.swift */,
				0CA04B6F1D2ECF41001892E5 /* Info.plist */,
			);
			path = PadZonesUITests;
			sourceTree = "<group>";
		};
		0CA04B951D2ED079001892E5 /* interfaces */ = {
			isa = PBXGroup;
			children = (
				0CA04B961D2ED079001892E5 /* Assets.xcassets */,
				0CB1A7FE1D740EC500283F7B /* Main.storyboard */,
			);
			path = interfaces;
			sourceTree = "<group>";
		};
		0CA04B971D2ED079001892E5 /* main */ = {
			isa = PBXGroup;
			children = (
				0CA04B981D2ED079001892E5 /* Info.plist */,
				0CA04B991D2ED079001892E5 /* ZAppDelegate.swift */,
				0CA04B9A1D2ED079001892E5 /* Zones.entitlements */,
			);
			path = main;
			sourceTree = "<group>";
		};
		0CD921761D8F4C2500F80964 /* Frameworks */ = {
			isa = PBXGroup;
			children = (
				0C4A3FA71DA47B2000491E87 /* CloudKit.framework */,
				0CD921791D8F4C3200F80964 /* CloudKit.framework */,
			);
			name = Frameworks;
			sourceTree = "<group>";
		};
		0CEAAB4D1D9F2A8D00EBF88A /* extensions */ = {
			isa = PBXGroup;
			children = (
				0CEAAB4E1D9F2A8D00EBF88A /* ZGCD.swift */,
				0CF97D641DA97AD600FEAA41 /* ZExtensions.swift */,
			);
			path = extensions;
			sourceTree = "<group>";
		};
		0CF97D551DA785AB00FEAA41 /* controllers */ = {
			isa = PBXGroup;
			children = (
				0CF97D561DA785AB00FEAA41 /* ZEditorViewController.swift */,
				0CF97D671DA986AB00FEAA41 /* ZMainViewController.swift */,
			);
			path = controllers;
			sourceTree = "<group>";
		};
		0CF97D601DA8807400FEAA41 /* views */ = {
			isa = PBXGroup;
			children = (
				0CF97D611DA880B000FEAA41 /* ZoneWidget.swift */,
			);
			name = views;
			sourceTree = "<group>";
		};
/* End PBXGroup section */

/* Begin PBXNativeTarget section */
		0CA04B131D2ECF1A001892E5 /* Zones */ = {
			isa = PBXNativeTarget;
			buildConfigurationList = 0CA04B3C1D2ECF1B001892E5 /* Build configuration list for PBXNativeTarget "Zones" */;
			buildPhases = (
				0CA04B101D2ECF1A001892E5 /* Sources */,
				0CA04B111D2ECF1A001892E5 /* Frameworks */,
				0CA04B121D2ECF1A001892E5 /* Resources */,
				0C401E761D2F635A000B9864 /* Embed Frameworks */,
			);
			buildRules = (
			);
			dependencies = (
			);
			name = Zones;
			productName = Zones;
			productReference = 0CA04B141D2ECF1A001892E5 /* Zones.app */;
			productType = "com.apple.product-type.application";
		};
		0CA04B271D2ECF1B001892E5 /* ZonesTests */ = {
			isa = PBXNativeTarget;
			buildConfigurationList = 0CA04B3F1D2ECF1B001892E5 /* Build configuration list for PBXNativeTarget "ZonesTests" */;
			buildPhases = (
				0CA04B241D2ECF1B001892E5 /* Sources */,
				0CA04B251D2ECF1B001892E5 /* Frameworks */,
				0CA04B261D2ECF1B001892E5 /* Resources */,
			);
			buildRules = (
			);
			dependencies = (
				0CA04B2A1D2ECF1B001892E5 /* PBXTargetDependency */,
			);
			name = ZonesTests;
			productName = ZonesTests;
			productReference = 0CA04B281D2ECF1B001892E5 /* ZonesTests.xctest */;
			productType = "com.apple.product-type.bundle.unit-test";
		};
		0CA04B321D2ECF1B001892E5 /* ZonesUITests */ = {
			isa = PBXNativeTarget;
			buildConfigurationList = 0CA04B421D2ECF1B001892E5 /* Build configuration list for PBXNativeTarget "ZonesUITests" */;
			buildPhases = (
				0CA04B2F1D2ECF1B001892E5 /* Sources */,
				0CA04B301D2ECF1B001892E5 /* Frameworks */,
				0CA04B311D2ECF1B001892E5 /* Resources */,
			);
			buildRules = (
			);
			dependencies = (
				0CA04B351D2ECF1B001892E5 /* PBXTargetDependency */,
			);
			name = ZonesUITests;
			productName = ZonesUITests;
			productReference = 0CA04B331D2ECF1B001892E5 /* ZonesUITests.xctest */;
			productType = "com.apple.product-type.bundle.ui-testing";
		};
		0CA04B481D2ECF41001892E5 /* PadZones */ = {
			isa = PBXNativeTarget;
			buildConfigurationList = 0CA04B701D2ECF41001892E5 /* Build configuration list for PBXNativeTarget "PadZones" */;
			buildPhases = (
				0CA04B451D2ECF41001892E5 /* Sources */,
				0CA04B461D2ECF41001892E5 /* Frameworks */,
				0CA04B471D2ECF41001892E5 /* Resources */,
				0C401E641D2F6341000B9864 /* Embed Frameworks */,
			);
			buildRules = (
			);
			dependencies = (
			);
			name = PadZones;
			productName = PadZones;
			productReference = 0CA04B491D2ECF41001892E5 /* PadZones.app */;
			productType = "com.apple.product-type.application";
		};
		0CA04B5D1D2ECF41001892E5 /* PadZonesTests */ = {
			isa = PBXNativeTarget;
			buildConfigurationList = 0CA04B731D2ECF41001892E5 /* Build configuration list for PBXNativeTarget "PadZonesTests" */;
			buildPhases = (
				0CA04B5A1D2ECF41001892E5 /* Sources */,
				0CA04B5B1D2ECF41001892E5 /* Frameworks */,
				0CA04B5C1D2ECF41001892E5 /* Resources */,
			);
			buildRules = (
			);
			dependencies = (
				0CA04B601D2ECF41001892E5 /* PBXTargetDependency */,
			);
			name = PadZonesTests;
			productName = PadZonesTests;
			productReference = 0CA04B5E1D2ECF41001892E5 /* PadZonesTests.xctest */;
			productType = "com.apple.product-type.bundle.unit-test";
		};
		0CA04B681D2ECF41001892E5 /* PadZonesUITests */ = {
			isa = PBXNativeTarget;
			buildConfigurationList = 0CA04B761D2ECF41001892E5 /* Build configuration list for PBXNativeTarget "PadZonesUITests" */;
			buildPhases = (
				0CA04B651D2ECF41001892E5 /* Sources */,
				0CA04B661D2ECF41001892E5 /* Frameworks */,
				0CA04B671D2ECF41001892E5 /* Resources */,
			);
			buildRules = (
			);
			dependencies = (
				0CA04B6B1D2ECF41001892E5 /* PBXTargetDependency */,
			);
			name = PadZonesUITests;
			productName = PadZonesUITests;
			productReference = 0CA04B691D2ECF41001892E5 /* PadZonesUITests.xctest */;
			productType = "com.apple.product-type.bundle.ui-testing";
		};
/* End PBXNativeTarget section */

/* Begin PBXProject section */
		0CA04B0C1D2ECF1A001892E5 /* Project object */ = {
			isa = PBXProject;
			attributes = {
				LastSwiftUpdateCheck = 0730;
				LastUpgradeCheck = 0800;
				ORGANIZATIONNAME = Zones;
				TargetAttributes = {
					0CA04B131D2ECF1A001892E5 = {
						CreatedOnToolsVersion = 7.3.1;
						DevelopmentTeam = F8M94NY2TV;
						LastSwiftMigration = 0800;
						ProvisioningStyle = Automatic;
						SystemCapabilities = {
							com.apple.Push = {
								enabled = 1;
							};
							com.apple.iCloud = {
								enabled = 1;
							};
						};
					};
					0CA04B271D2ECF1B001892E5 = {
						CreatedOnToolsVersion = 7.3.1;
						LastSwiftMigration = 0800;
						TestTargetID = 0CA04B131D2ECF1A001892E5;
					};
					0CA04B321D2ECF1B001892E5 = {
						CreatedOnToolsVersion = 7.3.1;
						LastSwiftMigration = 0800;
						TestTargetID = 0CA04B131D2ECF1A001892E5;
					};
					0CA04B481D2ECF41001892E5 = {
						CreatedOnToolsVersion = 7.3.1;
						DevelopmentTeam = F8M94NY2TV;
						LastSwiftMigration = 0800;
						ProvisioningStyle = Automatic;
						SystemCapabilities = {
							com.apple.ApplicationGroups.iOS = {
								enabled = 0;
							};
							com.apple.Push = {
								enabled = 1;
							};
							com.apple.iCloud = {
								enabled = 1;
							};
						};
					};
					0CA04B5D1D2ECF41001892E5 = {
						CreatedOnToolsVersion = 7.3.1;
						LastSwiftMigration = 0800;
						TestTargetID = 0CA04B481D2ECF41001892E5;
					};
					0CA04B681D2ECF41001892E5 = {
						CreatedOnToolsVersion = 7.3.1;
						LastSwiftMigration = 0800;
						TestTargetID = 0CA04B481D2ECF41001892E5;
					};
				};
			};
			buildConfigurationList = 0CA04B0F1D2ECF1A001892E5 /* Build configuration list for PBXProject "Zones" */;
			compatibilityVersion = "Xcode 3.2";
			developmentRegion = English;
			hasScannedForEncodings = 0;
			knownRegions = (
				en,
				Base,
			);
			mainGroup = 0CA04B0B1D2ECF1A001892E5;
			productRefGroup = 0CA04B151D2ECF1A001892E5 /* Products */;
			projectDirPath = "";
			projectRoot = "";
			targets = (
				0CA04B481D2ECF41001892E5 /* PadZones */,
				0CA04B5D1D2ECF41001892E5 /* PadZonesTests */,
				0CA04B681D2ECF41001892E5 /* PadZonesUITests */,
				0CA04B131D2ECF1A001892E5 /* Zones */,
				0CA04B271D2ECF1B001892E5 /* ZonesTests */,
				0CA04B321D2ECF1B001892E5 /* ZonesUITests */,
			);
		};
/* End PBXProject section */

/* Begin PBXResourcesBuildPhase section */
		0CA04B121D2ECF1A001892E5 /* Resources */ = {
			isa = PBXResourcesBuildPhase;
			buildActionMask = 2147483647;
			files = (
				0CB1A7FF1D740EC500283F7B /* Main.storyboard in Resources */,
				0CA04B9F1D2ED079001892E5 /* Zones.entitlements in Resources */,
				0CA04B9C1D2ED079001892E5 /* Assets.xcassets in Resources */,
			);
			runOnlyForDeploymentPostprocessing = 0;
		};
		0CA04B261D2ECF1B001892E5 /* Resources */ = {
			isa = PBXResourcesBuildPhase;
			buildActionMask = 2147483647;
			files = (
			);
			runOnlyForDeploymentPostprocessing = 0;
		};
		0CA04B311D2ECF1B001892E5 /* Resources */ = {
			isa = PBXResourcesBuildPhase;
			buildActionMask = 2147483647;
			files = (
			);
			runOnlyForDeploymentPostprocessing = 0;
		};
		0CA04B471D2ECF41001892E5 /* Resources */ = {
			isa = PBXResourcesBuildPhase;
			buildActionMask = 2147483647;
			files = (
				0C58C37C1D45805400CAB387 /* Assets.xcassets in Resources */,
				0C58C3821D45815A00CAB387 /* LaunchScreen.storyboard in Resources */,
				0C58C3831D45815A00CAB387 /* Main.storyboard in Resources */,
			);
			runOnlyForDeploymentPostprocessing = 0;
		};
		0CA04B5C1D2ECF41001892E5 /* Resources */ = {
			isa = PBXResourcesBuildPhase;
			buildActionMask = 2147483647;
			files = (
			);
			runOnlyForDeploymentPostprocessing = 0;
		};
		0CA04B671D2ECF41001892E5 /* Resources */ = {
			isa = PBXResourcesBuildPhase;
			buildActionMask = 2147483647;
			files = (
			);
			runOnlyForDeploymentPostprocessing = 0;
		};
/* End PBXResourcesBuildPhase section */

/* Begin PBXSourcesBuildPhase section */
		0CA04B101D2ECF1A001892E5 /* Sources */ = {
			isa = PBXSourcesBuildPhase;
			buildActionMask = 2147483647;
			files = (
				0CB1A7DC1D73F87B00283F7B /* ZAction.swift in Sources */,
				0CD921801D8F7A7800F80964 /* ZModelManager.swift in Sources */,
				0CF97D581DA785AB00FEAA41 /* ZEditorViewController.swift in Sources */,
				0CF97D691DA986AB00FEAA41 /* ZMainViewController.swift in Sources */,
				0CB1A7E01D73F87B00283F7B /* ZTrait.swift in Sources */,
				0CF97D661DA97AD600FEAA41 /* ZExtensions.swift in Sources */,
				0CEAAB501D9F2A8D00EBF88A /* ZGCD.swift in Sources */,
				0CEAAB511DA19B1C00EBF88A /* ZAppDelegate.swift in Sources */,
				0CB1A7D41D73F87B00283F7B /* Zone.swift in Sources */,
				0CF97D6C1DA9C1B500FEAA41 /* ZLocalPersistenceManager.swift in Sources */,
				0CD921831D90C65E00F80964 /* ZBase.swift in Sources */,
				0CBD002D1D9DBC4200797F21 /* ZClosures.swift in Sources */,
				0CB1A7491D726DCF00283F7B /* ZAbstractionLayer.swift in Sources */,
				0CF97D631DA880B000FEAA41 /* ZoneWidget.swift in Sources */,
			);
			runOnlyForDeploymentPostprocessing = 0;
		};
		0CA04B241D2ECF1B001892E5 /* Sources */ = {
			isa = PBXSourcesBuildPhase;
			buildActionMask = 2147483647;
			files = (
				0CA04B2D1D2ECF1B001892E5 /* ZonesTests.swift in Sources */,
			);
			runOnlyForDeploymentPostprocessing = 0;
		};
		0CA04B2F1D2ECF1B001892E5 /* Sources */ = {
			isa = PBXSourcesBuildPhase;
			buildActionMask = 2147483647;
			files = (
				0CA04B381D2ECF1B001892E5 /* ZonesUITests.swift in Sources */,
			);
			runOnlyForDeploymentPostprocessing = 0;
		};
		0CA04B451D2ECF41001892E5 /* Sources */ = {
			isa = PBXSourcesBuildPhase;
			buildActionMask = 2147483647;
			files = (
				0C58C37D1D45805400CAB387 /* ZAppDelegate.swift in Sources */,
				0CF97D571DA785AB00FEAA41 /* ZEditorViewController.swift in Sources */,
				0CB1A74A1D726DD100283F7B /* ZAbstractionLayer.swift in Sources */,
				0CF97D681DA986AB00FEAA41 /* ZMainViewController.swift in Sources */,
				0CD9217F1D8F7A7800F80964 /* ZModelManager.swift in Sources */,
				0CF97D651DA97AD600FEAA41 /* ZExtensions.swift in Sources */,
				0CB1A7DB1D73F87B00283F7B /* ZAction.swift in Sources */,
				0CEAAB4F1D9F2A8D00EBF88A /* ZGCD.swift in Sources */,
				0CB1A7DF1D73F87B00283F7B /* ZTrait.swift in Sources */,
				0CF97D6B1DA9C1B500FEAA41 /* ZLocalPersistenceManager.swift in Sources */,
				0CB1A7D31D73F87B00283F7B /* Zone.swift in Sources */,
				0CD921821D90C65E00F80964 /* ZBase.swift in Sources */,
				0CBD002C1D9DBC4200797F21 /* ZClosures.swift in Sources */,
				0CF97D621DA880B000FEAA41 /* ZoneWidget.swift in Sources */,
			);
			runOnlyForDeploymentPostprocessing = 0;
		};
		0CA04B5A1D2ECF41001892E5 /* Sources */ = {
			isa = PBXSourcesBuildPhase;
			buildActionMask = 2147483647;
			files = (
				0CA04B631D2ECF41001892E5 /* PadZonesTests.swift in Sources */,
			);
			runOnlyForDeploymentPostprocessing = 0;
		};
		0CA04B651D2ECF41001892E5 /* Sources */ = {
			isa = PBXSourcesBuildPhase;
			buildActionMask = 2147483647;
			files = (
				0CA04B6E1D2ECF41001892E5 /* PadZonesUITests.swift in Sources */,
			);
			runOnlyForDeploymentPostprocessing = 0;
		};
/* End PBXSourcesBuildPhase section */

/* Begin PBXTargetDependency section */
		0CA04B2A1D2ECF1B001892E5 /* PBXTargetDependency */ = {
			isa = PBXTargetDependency;
			target = 0CA04B131D2ECF1A001892E5 /* Zones */;
			targetProxy = 0CA04B291D2ECF1B001892E5 /* PBXContainerItemProxy */;
		};
		0CA04B351D2ECF1B001892E5 /* PBXTargetDependency */ = {
			isa = PBXTargetDependency;
			target = 0CA04B131D2ECF1A001892E5 /* Zones */;
			targetProxy = 0CA04B341D2ECF1B001892E5 /* PBXContainerItemProxy */;
		};
		0CA04B601D2ECF41001892E5 /* PBXTargetDependency */ = {
			isa = PBXTargetDependency;
			target = 0CA04B481D2ECF41001892E5 /* PadZones */;
			targetProxy = 0CA04B5F1D2ECF41001892E5 /* PBXContainerItemProxy */;
		};
		0CA04B6B1D2ECF41001892E5 /* PBXTargetDependency */ = {
			isa = PBXTargetDependency;
			target = 0CA04B481D2ECF41001892E5 /* PadZones */;
			targetProxy = 0CA04B6A1D2ECF41001892E5 /* PBXContainerItemProxy */;
		};
/* End PBXTargetDependency section */

/* Begin PBXVariantGroup section */
		0CA04B4F1D2ECF41001892E5 /* Main.storyboard */ = {
			isa = PBXVariantGroup;
			children = (
				0CA04B501D2ECF41001892E5 /* Base */,
			);
			name = Main.storyboard;
			path = ..;
			sourceTree = "<group>";
		};
		0CA04B561D2ECF41001892E5 /* LaunchScreen.storyboard */ = {
			isa = PBXVariantGroup;
			children = (
				0CA04B571D2ECF41001892E5 /* Base */,
			);
			name = LaunchScreen.storyboard;
			path = ..;
			sourceTree = "<group>";
		};
/* End PBXVariantGroup section */

/* Begin XCBuildConfiguration section */
		0CA04B3A1D2ECF1B001892E5 /* Debug */ = {
			isa = XCBuildConfiguration;
			buildSettings = {
				ALWAYS_SEARCH_USER_PATHS = NO;
				CLANG_ANALYZER_NONNULL = YES;
				CLANG_CXX_LANGUAGE_STANDARD = "gnu++0x";
				CLANG_CXX_LIBRARY = "libc++";
				CLANG_ENABLE_MODULES = YES;
				CLANG_ENABLE_OBJC_ARC = YES;
				CLANG_WARN_BOOL_CONVERSION = YES;
				CLANG_WARN_CONSTANT_CONVERSION = YES;
				CLANG_WARN_DIRECT_OBJC_ISA_USAGE = YES_ERROR;
				CLANG_WARN_EMPTY_BODY = YES;
				CLANG_WARN_ENUM_CONVERSION = YES;
				CLANG_WARN_INFINITE_RECURSION = YES;
				CLANG_WARN_INT_CONVERSION = YES;
				CLANG_WARN_OBJC_ROOT_CLASS = YES_ERROR;
				CLANG_WARN_SUSPICIOUS_MOVE = YES;
				CLANG_WARN_UNREACHABLE_CODE = YES;
				CLANG_WARN__DUPLICATE_METHOD_MATCH = YES;
				CODE_SIGN_IDENTITY = "-";
				COPY_PHASE_STRIP = NO;
				DEBUG_INFORMATION_FORMAT = dwarf;
				ENABLE_STRICT_OBJC_MSGSEND = YES;
				ENABLE_TESTABILITY = YES;
				GCC_C_LANGUAGE_STANDARD = gnu99;
				GCC_DYNAMIC_NO_PIC = NO;
				GCC_NO_COMMON_BLOCKS = YES;
				GCC_OPTIMIZATION_LEVEL = 0;
				GCC_PREPROCESSOR_DEFINITIONS = (
					"DEBUG=1",
					"$(inherited)",
				);
				GCC_WARN_64_TO_32_BIT_CONVERSION = YES;
				GCC_WARN_ABOUT_RETURN_TYPE = YES_ERROR;
				GCC_WARN_UNDECLARED_SELECTOR = YES;
				GCC_WARN_UNINITIALIZED_AUTOS = YES_AGGRESSIVE;
				GCC_WARN_UNUSED_FUNCTION = YES;
				GCC_WARN_UNUSED_VARIABLE = YES;
				IPHONEOS_DEPLOYMENT_TARGET = 9.2;
				MACOSX_DEPLOYMENT_TARGET = 10.10;
				MTL_ENABLE_DEBUG_INFO = YES;
				ONLY_ACTIVE_ARCH = YES;
				SDKROOT = macosx;
				SWIFT_INSTALL_OBJC_HEADER = NO;
				SWIFT_OPTIMIZATION_LEVEL = "-Onone";
			};
			name = Debug;
		};
		0CA04B3B1D2ECF1B001892E5 /* Release */ = {
			isa = XCBuildConfiguration;
			buildSettings = {
				ALWAYS_SEARCH_USER_PATHS = NO;
				CLANG_ANALYZER_NONNULL = YES;
				CLANG_CXX_LANGUAGE_STANDARD = "gnu++0x";
				CLANG_CXX_LIBRARY = "libc++";
				CLANG_ENABLE_MODULES = YES;
				CLANG_ENABLE_OBJC_ARC = YES;
				CLANG_WARN_BOOL_CONVERSION = YES;
				CLANG_WARN_CONSTANT_CONVERSION = YES;
				CLANG_WARN_DIRECT_OBJC_ISA_USAGE = YES_ERROR;
				CLANG_WARN_EMPTY_BODY = YES;
				CLANG_WARN_ENUM_CONVERSION = YES;
				CLANG_WARN_INFINITE_RECURSION = YES;
				CLANG_WARN_INT_CONVERSION = YES;
				CLANG_WARN_OBJC_ROOT_CLASS = YES_ERROR;
				CLANG_WARN_SUSPICIOUS_MOVE = YES;
				CLANG_WARN_UNREACHABLE_CODE = YES;
				CLANG_WARN__DUPLICATE_METHOD_MATCH = YES;
				CODE_SIGN_IDENTITY = "-";
				COPY_PHASE_STRIP = NO;
				DEBUG_INFORMATION_FORMAT = "dwarf-with-dsym";
				ENABLE_NS_ASSERTIONS = NO;
				ENABLE_STRICT_OBJC_MSGSEND = YES;
				GCC_C_LANGUAGE_STANDARD = gnu99;
				GCC_NO_COMMON_BLOCKS = YES;
				GCC_WARN_64_TO_32_BIT_CONVERSION = YES;
				GCC_WARN_ABOUT_RETURN_TYPE = YES_ERROR;
				GCC_WARN_UNDECLARED_SELECTOR = YES;
				GCC_WARN_UNINITIALIZED_AUTOS = YES_AGGRESSIVE;
				GCC_WARN_UNUSED_FUNCTION = YES;
				GCC_WARN_UNUSED_VARIABLE = YES;
				IPHONEOS_DEPLOYMENT_TARGET = 9.2;
				MACOSX_DEPLOYMENT_TARGET = 10.10;
				MTL_ENABLE_DEBUG_INFO = NO;
				SDKROOT = macosx;
				SWIFT_INSTALL_OBJC_HEADER = NO;
				SWIFT_OPTIMIZATION_LEVEL = "-Owholemodule";
			};
			name = Release;
		};
		0CA04B3D1D2ECF1B001892E5 /* Debug */ = {
			isa = XCBuildConfiguration;
			buildSettings = {
				ASSETCATALOG_COMPILER_APPICON_NAME = AppIcon;
				CLANG_ENABLE_MODULES = YES;
				CODE_SIGN_ENTITLEMENTS = Zones/main/Zones.entitlements;
				CODE_SIGN_IDENTITY = "Mac Developer";
				COMBINE_HIDPI_IMAGES = YES;
				DEVELOPMENT_TEAM = F8M94NY2TV;
				FRAMEWORK_SEARCH_PATHS = "";
				INFOPLIST_FILE = "$(SRCROOT)/Zones/main/Info.plist";
				LD_RUNPATH_SEARCH_PATHS = "$(inherited) @executable_path/../Frameworks";
				MACOSX_DEPLOYMENT_TARGET = 10.10;
				PRODUCT_BUNDLE_IDENTIFIER = com.zones.Zones;
				PRODUCT_NAME = "$(TARGET_NAME)";
				PROVISIONING_PROFILE = "";
				PROVISIONING_PROFILE_SPECIFIER = "";
				SWIFT_OBJC_BRIDGING_HEADER = "";
				SWIFT_OPTIMIZATION_LEVEL = "-Onone";
				SWIFT_VERSION = 3.0;
			};
			name = Debug;
		};
		0CA04B3E1D2ECF1B001892E5 /* Release */ = {
			isa = XCBuildConfiguration;
			buildSettings = {
				ASSETCATALOG_COMPILER_APPICON_NAME = AppIcon;
				CLANG_ENABLE_MODULES = YES;
				CODE_SIGN_ENTITLEMENTS = Zones/main/Zones.entitlements;
				CODE_SIGN_IDENTITY = "Mac Developer";
				COMBINE_HIDPI_IMAGES = YES;
				DEVELOPMENT_TEAM = F8M94NY2TV;
				FRAMEWORK_SEARCH_PATHS = "";
				INFOPLIST_FILE = "$(SRCROOT)/Zones/main/Info.plist";
				LD_RUNPATH_SEARCH_PATHS = "$(inherited) @executable_path/../Frameworks";
				MACOSX_DEPLOYMENT_TARGET = 10.10;
				PRODUCT_BUNDLE_IDENTIFIER = com.zones.Zones;
				PRODUCT_NAME = "$(TARGET_NAME)";
				PROVISIONING_PROFILE = "";
				PROVISIONING_PROFILE_SPECIFIER = "";
				SWIFT_OBJC_BRIDGING_HEADER = "";
				SWIFT_VERSION = 3.0;
			};
			name = Release;
		};
		0CA04B401D2ECF1B001892E5 /* Debug */ = {
			isa = XCBuildConfiguration;
			buildSettings = {
				BUNDLE_LOADER = "$(TEST_HOST)";
				COMBINE_HIDPI_IMAGES = YES;
				INFOPLIST_FILE = ZonesTests/Info.plist;
				LD_RUNPATH_SEARCH_PATHS = "$(inherited) @executable_path/../Frameworks @loader_path/../Frameworks";
				PRODUCT_BUNDLE_IDENTIFIER = com.zones.ZonesTests;
				PRODUCT_NAME = "$(TARGET_NAME)";
				SWIFT_VERSION = 3.0;
				TEST_HOST = "$(BUILT_PRODUCTS_DIR)/Zones.app/Contents/MacOS/Zones";
			};
			name = Debug;
		};
		0CA04B411D2ECF1B001892E5 /* Release */ = {
			isa = XCBuildConfiguration;
			buildSettings = {
				BUNDLE_LOADER = "$(TEST_HOST)";
				COMBINE_HIDPI_IMAGES = YES;
				INFOPLIST_FILE = ZonesTests/Info.plist;
				LD_RUNPATH_SEARCH_PATHS = "$(inherited) @executable_path/../Frameworks @loader_path/../Frameworks";
				PRODUCT_BUNDLE_IDENTIFIER = com.zones.ZonesTests;
				PRODUCT_NAME = "$(TARGET_NAME)";
				SWIFT_VERSION = 3.0;
				TEST_HOST = "$(BUILT_PRODUCTS_DIR)/Zones.app/Contents/MacOS/Zones";
			};
			name = Release;
		};
		0CA04B431D2ECF1B001892E5 /* Debug */ = {
			isa = XCBuildConfiguration;
			buildSettings = {
				COMBINE_HIDPI_IMAGES = YES;
				INFOPLIST_FILE = ZonesUITests/Info.plist;
				LD_RUNPATH_SEARCH_PATHS = "$(inherited) @executable_path/../Frameworks @loader_path/../Frameworks";
				PRODUCT_BUNDLE_IDENTIFIER = com.zones.ZonesUITests;
				PRODUCT_NAME = "$(TARGET_NAME)";
				SWIFT_VERSION = 3.0;
				TEST_TARGET_NAME = Zones;
			};
			name = Debug;
		};
		0CA04B441D2ECF1B001892E5 /* Release */ = {
			isa = XCBuildConfiguration;
			buildSettings = {
				COMBINE_HIDPI_IMAGES = YES;
				INFOPLIST_FILE = ZonesUITests/Info.plist;
				LD_RUNPATH_SEARCH_PATHS = "$(inherited) @executable_path/../Frameworks @loader_path/../Frameworks";
				PRODUCT_BUNDLE_IDENTIFIER = com.zones.ZonesUITests;
				PRODUCT_NAME = "$(TARGET_NAME)";
				SWIFT_VERSION = 3.0;
				TEST_TARGET_NAME = Zones;
			};
			name = Release;
		};
		0CA04B711D2ECF41001892E5 /* Debug */ = {
			isa = XCBuildConfiguration;
			buildSettings = {
				ASSETCATALOG_COMPILER_APPICON_NAME = AppIcon;
				CLANG_ENABLE_MODULES = YES;
				CODE_SIGN_ENTITLEMENTS = PadZones/PadZones.entitlements;
				CODE_SIGN_IDENTITY = "iPhone Developer";
				"CODE_SIGN_IDENTITY[sdk=iphoneos*]" = "iPhone Developer";
				DEVELOPMENT_TEAM = "";
				INFOPLIST_FILE = "$(SRCROOT)/PadZones/main/Info.plist";
				IPHONEOS_DEPLOYMENT_TARGET = 9.3;
				LD_RUNPATH_SEARCH_PATHS = "$(inherited) @executable_path/Frameworks @loader_path/Frameworks";
				PRODUCT_BUNDLE_IDENTIFIER = com.zones.ZonesID;
				PRODUCT_NAME = "$(TARGET_NAME)";
				PROVISIONING_PROFILE = "";
				PROVISIONING_PROFILE_SPECIFIER = "";
				SDKROOT = iphoneos;
				SWIFT_OBJC_BRIDGING_HEADER = "";
				SWIFT_OPTIMIZATION_LEVEL = "-Onone";
				SWIFT_VERSION = 3.0;
				TARGETED_DEVICE_FAMILY = 2;
			};
			name = Debug;
		};
		0CA04B721D2ECF41001892E5 /* Release */ = {
			isa = XCBuildConfiguration;
			buildSettings = {
				ASSETCATALOG_COMPILER_APPICON_NAME = AppIcon;
				CLANG_ENABLE_MODULES = YES;
				CODE_SIGN_ENTITLEMENTS = PadZones/PadZones.entitlements;
				CODE_SIGN_IDENTITY = "iPhone Developer";
				"CODE_SIGN_IDENTITY[sdk=iphoneos*]" = "iPhone Developer";
				DEVELOPMENT_TEAM = "";
				INFOPLIST_FILE = "$(SRCROOT)/PadZones/main/Info.plist";
				IPHONEOS_DEPLOYMENT_TARGET = 9.3;
				LD_RUNPATH_SEARCH_PATHS = "$(inherited) @executable_path/Frameworks @loader_path/Frameworks";
				PRODUCT_BUNDLE_IDENTIFIER = com.zones.ZonesID;
				PRODUCT_NAME = "$(TARGET_NAME)";
				PROVISIONING_PROFILE = "";
				PROVISIONING_PROFILE_SPECIFIER = "";
				SDKROOT = iphoneos;
				SWIFT_OBJC_BRIDGING_HEADER = "";
				SWIFT_VERSION = 3.0;
				TARGETED_DEVICE_FAMILY = 2;
				VALIDATE_PRODUCT = YES;
			};
			name = Release;
		};
		0CA04B741D2ECF41001892E5 /* Debug */ = {
			isa = XCBuildConfiguration;
			buildSettings = {
				BUNDLE_LOADER = "$(TEST_HOST)";
				"CODE_SIGN_IDENTITY[sdk=iphoneos*]" = "iPhone Developer";
				INFOPLIST_FILE = PadZonesTests/Info.plist;
				IPHONEOS_DEPLOYMENT_TARGET = 9.3;
				LD_RUNPATH_SEARCH_PATHS = "$(inherited) @executable_path/Frameworks @loader_path/Frameworks";
				PRODUCT_BUNDLE_IDENTIFIER = com.zones.PadZonesTests;
				PRODUCT_NAME = "$(TARGET_NAME)";
				SDKROOT = iphoneos;
				SWIFT_VERSION = 3.0;
				TEST_HOST = "$(BUILT_PRODUCTS_DIR)/PadZones.app/PadZones";
			};
			name = Debug;
		};
		0CA04B751D2ECF41001892E5 /* Release */ = {
			isa = XCBuildConfiguration;
			buildSettings = {
				BUNDLE_LOADER = "$(TEST_HOST)";
				"CODE_SIGN_IDENTITY[sdk=iphoneos*]" = "iPhone Developer";
				INFOPLIST_FILE = PadZonesTests/Info.plist;
				IPHONEOS_DEPLOYMENT_TARGET = 9.3;
				LD_RUNPATH_SEARCH_PATHS = "$(inherited) @executable_path/Frameworks @loader_path/Frameworks";
				PRODUCT_BUNDLE_IDENTIFIER = com.zones.PadZonesTests;
				PRODUCT_NAME = "$(TARGET_NAME)";
				SDKROOT = iphoneos;
				SWIFT_VERSION = 3.0;
				TEST_HOST = "$(BUILT_PRODUCTS_DIR)/PadZones.app/PadZones";
				VALIDATE_PRODUCT = YES;
			};
			name = Release;
		};
		0CA04B771D2ECF41001892E5 /* Debug */ = {
			isa = XCBuildConfiguration;
			buildSettings = {
				"CODE_SIGN_IDENTITY[sdk=iphoneos*]" = "iPhone Developer";
				INFOPLIST_FILE = PadZonesUITests/Info.plist;
				IPHONEOS_DEPLOYMENT_TARGET = 9.3;
				LD_RUNPATH_SEARCH_PATHS = "$(inherited) @executable_path/Frameworks @loader_path/Frameworks";
				PRODUCT_BUNDLE_IDENTIFIER = com.zones.PadZonesUITests;
				PRODUCT_NAME = "$(TARGET_NAME)";
				SDKROOT = iphoneos;
				SWIFT_VERSION = 3.0;
				TEST_TARGET_NAME = PadZones;
			};
			name = Debug;
		};
		0CA04B781D2ECF41001892E5 /* Release */ = {
			isa = XCBuildConfiguration;
			buildSettings = {
				"CODE_SIGN_IDENTITY[sdk=iphoneos*]" = "iPhone Developer";
				INFOPLIST_FILE = PadZonesUITests/Info.plist;
				IPHONEOS_DEPLOYMENT_TARGET = 9.3;
				LD_RUNPATH_SEARCH_PATHS = "$(inherited) @executable_path/Frameworks @loader_path/Frameworks";
				PRODUCT_BUNDLE_IDENTIFIER = com.zones.PadZonesUITests;
				PRODUCT_NAME = "$(TARGET_NAME)";
				SDKROOT = iphoneos;
				SWIFT_VERSION = 3.0;
				TEST_TARGET_NAME = PadZones;
				VALIDATE_PRODUCT = YES;
			};
			name = Release;
		};
/* End XCBuildConfiguration section */

/* Begin XCConfigurationList section */
		0CA04B0F1D2ECF1A001892E5 /* Build configuration list for PBXProject "Zones" */ = {
			isa = XCConfigurationList;
			buildConfigurations = (
				0CA04B3A1D2ECF1B001892E5 /* Debug */,
				0CA04B3B1D2ECF1B001892E5 /* Release */,
			);
			defaultConfigurationIsVisible = 0;
			defaultConfigurationName = Release;
		};
		0CA04B3C1D2ECF1B001892E5 /* Build configuration list for PBXNativeTarget "Zones" */ = {
			isa = XCConfigurationList;
			buildConfigurations = (
				0CA04B3D1D2ECF1B001892E5 /* Debug */,
				0CA04B3E1D2ECF1B001892E5 /* Release */,
			);
			defaultConfigurationIsVisible = 0;
			defaultConfigurationName = Release;
		};
		0CA04B3F1D2ECF1B001892E5 /* Build configuration list for PBXNativeTarget "ZonesTests" */ = {
			isa = XCConfigurationList;
			buildConfigurations = (
				0CA04B401D2ECF1B001892E5 /* Debug */,
				0CA04B411D2ECF1B001892E5 /* Release */,
			);
			defaultConfigurationIsVisible = 0;
			defaultConfigurationName = Release;
		};
		0CA04B421D2ECF1B001892E5 /* Build configuration list for PBXNativeTarget "ZonesUITests" */ = {
			isa = XCConfigurationList;
			buildConfigurations = (
				0CA04B431D2ECF1B001892E5 /* Debug */,
				0CA04B441D2ECF1B001892E5 /* Release */,
			);
			defaultConfigurationIsVisible = 0;
			defaultConfigurationName = Release;
		};
		0CA04B701D2ECF41001892E5 /* Build configuration list for PBXNativeTarget "PadZones" */ = {
			isa = XCConfigurationList;
			buildConfigurations = (
				0CA04B711D2ECF41001892E5 /* Debug */,
				0CA04B721D2ECF41001892E5 /* Release */,
			);
			defaultConfigurationIsVisible = 0;
			defaultConfigurationName = Release;
		};
		0CA04B731D2ECF41001892E5 /* Build configuration list for PBXNativeTarget "PadZonesTests" */ = {
			isa = XCConfigurationList;
			buildConfigurations = (
				0CA04B741D2ECF41001892E5 /* Debug */,
				0CA04B751D2ECF41001892E5 /* Release */,
			);
			defaultConfigurationIsVisible = 0;
			defaultConfigurationName = Release;
		};
		0CA04B761D2ECF41001892E5 /* Build configuration list for PBXNativeTarget "PadZonesUITests" */ = {
			isa = XCConfigurationList;
			buildConfigurations = (
				0CA04B771D2ECF41001892E5 /* Debug */,
				0CA04B781D2ECF41001892E5 /* Release */,
			);
			defaultConfigurationIsVisible = 0;
			defaultConfigurationName = Release;
		};
/* End XCConfigurationList section */
	};
	rootObject = 0CA04B0C1D2ECF1A001892E5 /* Project object */;
}
